// !$*UTF8*$!
{
	archiveVersion = 1;
	classes = {
	};
	objectVersion = 46;
	objects = {

/* Begin PBXBuildFile section */
		372C4E8624BE9C2B0096C42E /* CometChatPro-UIKit_Tests.swift in Sources */ = {isa = PBXBuildFile; fileRef = 372C4E8524BE9C2B0096C42E /* CometChatPro-UIKit_Tests.swift */; };
		376A2E5F24BABB0200E4568E /* GoogleService-Info.plist in Resources */ = {isa = PBXBuildFile; fileRef = 376A2E5E24BABB0200E4568E /* GoogleService-Info.plist */; };
		376A944C24BEE3EC00CEDFBE /* COMETCHAT_LICENSE.md in Resources */ = {isa = PBXBuildFile; fileRef = 376A944B24BEE3EC00CEDFBE /* COMETCHAT_LICENSE.md */; };
		376A94CB24BEEAA800CEDFBE /* ViewController.swift in Sources */ = {isa = PBXBuildFile; fileRef = 376A94C924BEEAA800CEDFBE /* ViewController.swift */; };
		376A94CC24BEEAA800CEDFBE /* ViewController+PushNotifications.swift in Sources */ = {isa = PBXBuildFile; fileRef = 376A94CA24BEEAA800CEDFBE /* ViewController+PushNotifications.swift */; };
		376A952C24BEEB5400CEDFBE /* AppDelegate+CometChatCallDelegate.swift in Sources */ = {isa = PBXBuildFile; fileRef = 376A952A24BEEB5400CEDFBE /* AppDelegate+CometChatCallDelegate.swift */; };
		376A952D24BEEB5400CEDFBE /* AppDelegate.swift in Sources */ = {isa = PBXBuildFile; fileRef = 376A952B24BEEB5400CEDFBE /* AppDelegate.swift */; };
		376A959024BEF57300CEDFBE /* Images.xcassets in Resources */ = {isa = PBXBuildFile; fileRef = 607FACDC1AFB9204008FA782 /* Images.xcassets */; };
		4BED5402C3155AF8AEF60675 /* Pods_CometChatPro_UIKit_Example_Tests.framework in Frameworks */ = {isa = PBXBuildFile; fileRef = 9C58B85BF58600E1F4126373 /* Pods_CometChatPro_UIKit_Example_Tests.framework */; };
		607FACDB1AFB9204008FA782 /* Main.storyboard in Resources */ = {isa = PBXBuildFile; fileRef = 607FACD91AFB9204008FA782 /* Main.storyboard */; };
		607FACE01AFB9204008FA782 /* LaunchScreen.xib in Resources */ = {isa = PBXBuildFile; fileRef = 607FACDE1AFB9204008FA782 /* LaunchScreen.xib */; };
		A9960B63BB7887709192A3B3 /* Pods_CometChatPro_UIKit_Example.framework in Frameworks */ = {isa = PBXBuildFile; fileRef = 221407BA4631B4B3ABC4FF8E /* Pods_CometChatPro_UIKit_Example.framework */; };
/* End PBXBuildFile section */

/* Begin PBXContainerItemProxy section */
		607FACE61AFB9204008FA782 /* PBXContainerItemProxy */ = {
			isa = PBXContainerItemProxy;
			containerPortal = 607FACC81AFB9204008FA782 /* Project object */;
			proxyType = 1;
			remoteGlobalIDString = 607FACCF1AFB9204008FA782;
			remoteInfo = CCPMessenger;
		};
/* End PBXContainerItemProxy section */

/* Begin PBXFileReference section */
		00D0659E179AF4226BF10086 /* CometChatPro-UIKit.podspec */ = {isa = PBXFileReference; includeInIndex = 1; lastKnownFileType = text; name = "CometChatPro-UIKit.podspec"; path = "../CometChatPro-UIKit.podspec"; sourceTree = "<group>"; xcLanguageSpecificationIdentifier = xcode.lang.ruby; };
		221407BA4631B4B3ABC4FF8E /* Pods_CometChatPro_UIKit_Example.framework */ = {isa = PBXFileReference; explicitFileType = wrapper.framework; includeInIndex = 0; path = Pods_CometChatPro_UIKit_Example.framework; sourceTree = BUILT_PRODUCTS_DIR; };
		372C4E8524BE9C2B0096C42E /* CometChatPro-UIKit_Tests.swift */ = {isa = PBXFileReference; lastKnownFileType = sourcecode.swift; path = "CometChatPro-UIKit_Tests.swift"; sourceTree = "<group>"; };
		376A2BA124BA773D00E4568E /* CometChatPro-UIKit_Example.entitlements */ = {isa = PBXFileReference; lastKnownFileType = text.plist.entitlements; path = "CometChatPro-UIKit_Example.entitlements"; sourceTree = "<group>"; };
		376A2E5E24BABB0200E4568E /* GoogleService-Info.plist */ = {isa = PBXFileReference; fileEncoding = 4; lastKnownFileType = text.plist.xml; name = "GoogleService-Info.plist"; path = "Resources/GoogleService-Info.plist"; sourceTree = "<group>"; };
		376A944B24BEE3EC00CEDFBE /* COMETCHAT_LICENSE.md */ = {isa = PBXFileReference; fileEncoding = 4; lastKnownFileType = net.daringfireball.markdown; name = COMETCHAT_LICENSE.md; path = ../COMETCHAT_LICENSE.md; sourceTree = "<group>"; };
		376A94C924BEEAA800CEDFBE /* ViewController.swift */ = {isa = PBXFileReference; fileEncoding = 4; lastKnownFileType = sourcecode.swift; path = ViewController.swift; sourceTree = "<group>"; };
		376A94CA24BEEAA800CEDFBE /* ViewController+PushNotifications.swift */ = {isa = PBXFileReference; fileEncoding = 4; lastKnownFileType = sourcecode.swift; path = "ViewController+PushNotifications.swift"; sourceTree = "<group>"; };
		376A952A24BEEB5400CEDFBE /* AppDelegate+CometChatCallDelegate.swift */ = {isa = PBXFileReference; fileEncoding = 4; lastKnownFileType = sourcecode.swift; path = "AppDelegate+CometChatCallDelegate.swift"; sourceTree = "<group>"; };
		376A952B24BEEB5400CEDFBE /* AppDelegate.swift */ = {isa = PBXFileReference; fileEncoding = 4; lastKnownFileType = sourcecode.swift; path = AppDelegate.swift; sourceTree = "<group>"; };
		376A958A24BEECB400CEDFBE /* Info.plist */ = {isa = PBXFileReference; fileEncoding = 4; lastKnownFileType = text.plist.xml; name = Info.plist; path = Resources/Info.plist; sourceTree = "<group>"; };
		37C8685424BDD9360025D332 /* CCPMessenger.framework */ = {isa = PBXFileReference; explicitFileType = wrapper.framework; path = CCPMessenger.framework; sourceTree = BUILT_PRODUCTS_DIR; };
		37C8685624BDD9360025D332 /* FirebaseCore.framework */ = {isa = PBXFileReference; explicitFileType = wrapper.framework; path = FirebaseCore.framework; sourceTree = BUILT_PRODUCTS_DIR; };
		37C8685824BDD9360025D332 /* FirebaseCoreDiagnostics.framework */ = {isa = PBXFileReference; explicitFileType = wrapper.framework; path = FirebaseCoreDiagnostics.framework; sourceTree = BUILT_PRODUCTS_DIR; };
		37C8685A24BDD9360025D332 /* FirebaseInstallations.framework */ = {isa = PBXFileReference; explicitFileType = wrapper.framework; path = FirebaseInstallations.framework; sourceTree = BUILT_PRODUCTS_DIR; };
		37C8685C24BDD9360025D332 /* FirebaseInstanceID.framework */ = {isa = PBXFileReference; explicitFileType = wrapper.framework; path = FirebaseInstanceID.framework; sourceTree = BUILT_PRODUCTS_DIR; };
		37C8685E24BDD9360025D332 /* FirebaseMessaging.framework */ = {isa = PBXFileReference; explicitFileType = wrapper.framework; path = FirebaseMessaging.framework; sourceTree = BUILT_PRODUCTS_DIR; };
		37C8686024BDD9360025D332 /* GoogleDataTransport.framework */ = {isa = PBXFileReference; explicitFileType = wrapper.framework; path = GoogleDataTransport.framework; sourceTree = BUILT_PRODUCTS_DIR; };
		37C8686224BDD9360025D332 /* GoogleDataTransportCCTSupport.framework */ = {isa = PBXFileReference; explicitFileType = wrapper.framework; path = GoogleDataTransportCCTSupport.framework; sourceTree = BUILT_PRODUCTS_DIR; };
		37C8686424BDD9370025D332 /* GoogleUtilities.framework */ = {isa = PBXFileReference; explicitFileType = wrapper.framework; path = GoogleUtilities.framework; sourceTree = BUILT_PRODUCTS_DIR; };
		37C8686624BDD9370025D332 /* nanopb.framework */ = {isa = PBXFileReference; explicitFileType = wrapper.framework; path = nanopb.framework; sourceTree = BUILT_PRODUCTS_DIR; };
		37C8686A24BDD9370025D332 /* FBLPromises.framework */ = {isa = PBXFileReference; explicitFileType = wrapper.framework; path = FBLPromises.framework; sourceTree = BUILT_PRODUCTS_DIR; };
		37C8686C24BDD9370025D332 /* Protobuf.framework */ = {isa = PBXFileReference; explicitFileType = wrapper.framework; path = Protobuf.framework; sourceTree = BUILT_PRODUCTS_DIR; };
		37C8686E24BDD9370025D332 /* SwiftyJSON.framework */ = {isa = PBXFileReference; explicitFileType = wrapper.framework; path = SwiftyJSON.framework; sourceTree = BUILT_PRODUCTS_DIR; };
		37C8687124BDD96E0025D332 /* CCPMessenger.framework */ = {isa = PBXFileReference; explicitFileType = wrapper.framework; path = CCPMessenger.framework; sourceTree = BUILT_PRODUCTS_DIR; };
		37C8687324BDD96E0025D332 /* FirebaseCore.framework */ = {isa = PBXFileReference; explicitFileType = wrapper.framework; path = FirebaseCore.framework; sourceTree = BUILT_PRODUCTS_DIR; };
		37C8687524BDD96E0025D332 /* FirebaseCoreDiagnostics.framework */ = {isa = PBXFileReference; explicitFileType = wrapper.framework; path = FirebaseCoreDiagnostics.framework; sourceTree = BUILT_PRODUCTS_DIR; };
		37C8687724BDD96E0025D332 /* FirebaseInstallations.framework */ = {isa = PBXFileReference; explicitFileType = wrapper.framework; path = FirebaseInstallations.framework; sourceTree = BUILT_PRODUCTS_DIR; };
		37C8687924BDD96E0025D332 /* FirebaseInstanceID.framework */ = {isa = PBXFileReference; explicitFileType = wrapper.framework; path = FirebaseInstanceID.framework; sourceTree = BUILT_PRODUCTS_DIR; };
		37C8687B24BDD96E0025D332 /* FirebaseMessaging.framework */ = {isa = PBXFileReference; explicitFileType = wrapper.framework; path = FirebaseMessaging.framework; sourceTree = BUILT_PRODUCTS_DIR; };
		37C8687D24BDD96E0025D332 /* GoogleDataTransport.framework */ = {isa = PBXFileReference; explicitFileType = wrapper.framework; path = GoogleDataTransport.framework; sourceTree = BUILT_PRODUCTS_DIR; };
		37C8687F24BDD96E0025D332 /* GoogleDataTransportCCTSupport.framework */ = {isa = PBXFileReference; explicitFileType = wrapper.framework; path = GoogleDataTransportCCTSupport.framework; sourceTree = BUILT_PRODUCTS_DIR; };
		37C8688124BDD96E0025D332 /* GoogleUtilities.framework */ = {isa = PBXFileReference; explicitFileType = wrapper.framework; path = GoogleUtilities.framework; sourceTree = BUILT_PRODUCTS_DIR; };
		37C8688324BDD96E0025D332 /* nanopb.framework */ = {isa = PBXFileReference; explicitFileType = wrapper.framework; path = nanopb.framework; sourceTree = BUILT_PRODUCTS_DIR; };
		37C8688524BDD9800025D332 /* CCPMessenger.framework */ = {isa = PBXFileReference; explicitFileType = wrapper.framework; path = CCPMessenger.framework; sourceTree = BUILT_PRODUCTS_DIR; };
		37F330FC24BE9ECF003794F4 /* GBLMessenger.h */ = {isa = PBXFileReference; lastKnownFileType = sourcecode.c.h; path = GBLMessenger.h; sourceTree = "<group>"; };
		37F330FD24BE9ECF003794F4 /* Info.plist */ = {isa = PBXFileReference; lastKnownFileType = text.plist.xml; path = Info.plist; sourceTree = "<group>"; };
		37F3310224BE9EE6003794F4 /* CCPMessenger.framework */ = {isa = PBXFileReference; explicitFileType = wrapper.framework; path = CCPMessenger.framework; sourceTree = BUILT_PRODUCTS_DIR; };
		607FACD01AFB9204008FA782 /* Messenger.app */ = {isa = PBXFileReference; explicitFileType = wrapper.application; includeInIndex = 0; path = Messenger.app; sourceTree = BUILT_PRODUCTS_DIR; };
		607FACDA1AFB9204008FA782 /* Base */ = {isa = PBXFileReference; lastKnownFileType = file.storyboard; name = Base; path = Base.lproj/Main.storyboard; sourceTree = "<group>"; };
		607FACDC1AFB9204008FA782 /* Images.xcassets */ = {isa = PBXFileReference; lastKnownFileType = folder.assetcatalog; path = Images.xcassets; sourceTree = "<group>"; };
		607FACDF1AFB9204008FA782 /* Base */ = {isa = PBXFileReference; lastKnownFileType = file.xib; name = Base; path = Base.lproj/LaunchScreen.xib; sourceTree = "<group>"; };
		607FACE51AFB9204008FA782 /* CometChatPro-UIKit_Example_Tests.xctest */ = {isa = PBXFileReference; explicitFileType = wrapper.cfbundle; includeInIndex = 0; path = "CometChatPro-UIKit_Example_Tests.xctest"; sourceTree = BUILT_PRODUCTS_DIR; };
		607FACEA1AFB9204008FA782 /* Info.plist */ = {isa = PBXFileReference; lastKnownFileType = text.plist.xml; path = Info.plist; sourceTree = "<group>"; };
		756FE3F50C4D9D50ABF0791C /* Pods-CometChatPro-UIKit_Example.release.xcconfig */ = {isa = PBXFileReference; includeInIndex = 1; lastKnownFileType = text.xcconfig; name = "Pods-CometChatPro-UIKit_Example.release.xcconfig"; path = "Target Support Files/Pods-CometChatPro-UIKit_Example/Pods-CometChatPro-UIKit_Example.release.xcconfig"; sourceTree = "<group>"; };
		97BFC5A15F8FDCBB9E89F5DC /* README.md */ = {isa = PBXFileReference; includeInIndex = 1; lastKnownFileType = net.daringfireball.markdown; name = README.md; path = ../README.md; sourceTree = "<group>"; };
		9C58B85BF58600E1F4126373 /* Pods_CometChatPro_UIKit_Example_Tests.framework */ = {isa = PBXFileReference; explicitFileType = wrapper.framework; includeInIndex = 0; path = Pods_CometChatPro_UIKit_Example_Tests.framework; sourceTree = BUILT_PRODUCTS_DIR; };
		BEA7C18249DC2EEC5656D76E /* Pods-CometChatPro-UIKit_Example.debug.xcconfig */ = {isa = PBXFileReference; includeInIndex = 1; lastKnownFileType = text.xcconfig; name = "Pods-CometChatPro-UIKit_Example.debug.xcconfig"; path = "Target Support Files/Pods-CometChatPro-UIKit_Example/Pods-CometChatPro-UIKit_Example.debug.xcconfig"; sourceTree = "<group>"; };
		D7795187EF3F9227A55AE457 /* LICENSE */ = {isa = PBXFileReference; includeInIndex = 1; lastKnownFileType = text; name = LICENSE; path = ../LICENSE; sourceTree = "<group>"; };
		EC2A12552F13FBE66D887991 /* Pods-CometChatPro-UIKit_Example_Tests.release.xcconfig */ = {isa = PBXFileReference; includeInIndex = 1; lastKnownFileType = text.xcconfig; name = "Pods-CometChatPro-UIKit_Example_Tests.release.xcconfig"; path = "Target Support Files/Pods-CometChatPro-UIKit_Example_Tests/Pods-CometChatPro-UIKit_Example_Tests.release.xcconfig"; sourceTree = "<group>"; };
		FA9DC1EF9404C0F5C809F15E /* Pods-CometChatPro-UIKit_Example_Tests.debug.xcconfig */ = {isa = PBXFileReference; includeInIndex = 1; lastKnownFileType = text.xcconfig; name = "Pods-CometChatPro-UIKit_Example_Tests.debug.xcconfig"; path = "Target Support Files/Pods-CometChatPro-UIKit_Example_Tests/Pods-CometChatPro-UIKit_Example_Tests.debug.xcconfig"; sourceTree = "<group>"; };
/* End PBXFileReference section */

/* Begin PBXFrameworksBuildPhase section */
		607FACCD1AFB9204008FA782 /* Frameworks */ = {
			isa = PBXFrameworksBuildPhase;
			buildActionMask = 2147483647;
			files = (
				A9960B63BB7887709192A3B3 /* Pods_CometChatPro_UIKit_Example.framework in Frameworks */,
			);
			runOnlyForDeploymentPostprocessing = 0;
		};
		607FACE21AFB9204008FA782 /* Frameworks */ = {
			isa = PBXFrameworksBuildPhase;
			buildActionMask = 2147483647;
			files = (
				4BED5402C3155AF8AEF60675 /* Pods_CometChatPro_UIKit_Example_Tests.framework in Frameworks */,
			);
			runOnlyForDeploymentPostprocessing = 0;
		};
/* End PBXFrameworksBuildPhase section */

/* Begin PBXGroup section */
		06D85F949A2754F7672867BB /* Frameworks */ = {
			isa = PBXGroup;
			children = (
				37F3310224BE9EE6003794F4 /* CCPMessenger.framework */,
				37C8688524BDD9800025D332 /* CCPMessenger.framework */,
				37C8687124BDD96E0025D332 /* CCPMessenger.framework */,
				37C8687324BDD96E0025D332 /* FirebaseCore.framework */,
				37C8687524BDD96E0025D332 /* FirebaseCoreDiagnostics.framework */,
				37C8687724BDD96E0025D332 /* FirebaseInstallations.framework */,
				37C8687924BDD96E0025D332 /* FirebaseInstanceID.framework */,
				37C8687B24BDD96E0025D332 /* FirebaseMessaging.framework */,
				37C8687D24BDD96E0025D332 /* GoogleDataTransport.framework */,
				37C8687F24BDD96E0025D332 /* GoogleDataTransportCCTSupport.framework */,
				37C8688124BDD96E0025D332 /* GoogleUtilities.framework */,
				37C8688324BDD96E0025D332 /* nanopb.framework */,
				37C8685424BDD9360025D332 /* CCPMessenger.framework */,
				37C8685624BDD9360025D332 /* FirebaseCore.framework */,
				37C8685824BDD9360025D332 /* FirebaseCoreDiagnostics.framework */,
				37C8685A24BDD9360025D332 /* FirebaseInstallations.framework */,
				37C8685C24BDD9360025D332 /* FirebaseInstanceID.framework */,
				37C8685E24BDD9360025D332 /* FirebaseMessaging.framework */,
				37C8686024BDD9360025D332 /* GoogleDataTransport.framework */,
				37C8686224BDD9360025D332 /* GoogleDataTransportCCTSupport.framework */,
				37C8686424BDD9370025D332 /* GoogleUtilities.framework */,
				37C8686624BDD9370025D332 /* nanopb.framework */,
				37C8686A24BDD9370025D332 /* FBLPromises.framework */,
				37C8686C24BDD9370025D332 /* Protobuf.framework */,
				37C8686E24BDD9370025D332 /* SwiftyJSON.framework */,
				221407BA4631B4B3ABC4FF8E /* Pods_CometChatPro_UIKit_Example.framework */,
				9C58B85BF58600E1F4126373 /* Pods_CometChatPro_UIKit_Example_Tests.framework */,
			);
			name = Frameworks;
			sourceTree = "<group>";
		};
		376A94C724BEE9DF00CEDFBE /* UX_UI */ = {
			isa = PBXGroup;
			children = (
				607FACD91AFB9204008FA782 /* Main.storyboard */,
				607FACDC1AFB9204008FA782 /* Images.xcassets */,
				607FACDE1AFB9204008FA782 /* LaunchScreen.xib */,
			);
			path = UX_UI;
			sourceTree = "<group>";
		};
		376A94C824BEEAA800CEDFBE /* ViewControllers */ = {
			isa = PBXGroup;
			children = (
				376A94C924BEEAA800CEDFBE /* ViewController.swift */,
				376A94CA24BEEAA800CEDFBE /* ViewController+PushNotifications.swift */,
			);
			path = ViewControllers;
			sourceTree = "<group>";
		};
		376A952924BEEB5400CEDFBE /* AppDelegate */ = {
			isa = PBXGroup;
			children = (
				376A952A24BEEB5400CEDFBE /* AppDelegate+CometChatCallDelegate.swift */,
				376A952B24BEEB5400CEDFBE /* AppDelegate.swift */,
			);
			path = AppDelegate;
			sourceTree = "<group>";
		};
		37F330FB24BE9ECF003794F4 /* GBLMessenger */ = {
			isa = PBXGroup;
			children = (
				37F330FC24BE9ECF003794F4 /* GBLMessenger.h */,
				37F330FD24BE9ECF003794F4 /* Info.plist */,
			);
			path = GBLMessenger;
			sourceTree = "<group>";
		};
		607FACC71AFB9204008FA782 = {
			isa = PBXGroup;
			children = (
				376A2BA124BA773D00E4568E /* CometChatPro-UIKit_Example.entitlements */,
				607FACF51AFB993E008FA782 /* Podspec Metadata */,
				607FACD21AFB9204008FA782 /* CometChatPro-UIKit_Example */,
				607FACE81AFB9204008FA782 /* Tests */,
				37F330FB24BE9ECF003794F4 /* GBLMessenger */,
				607FACD11AFB9204008FA782 /* Products */,
				B1F35FAC5E3D033BC20CBD4A /* Pods */,
				06D85F949A2754F7672867BB /* Frameworks */,
			);
			sourceTree = "<group>";
		};
		607FACD11AFB9204008FA782 /* Products */ = {
			isa = PBXGroup;
			children = (
				607FACD01AFB9204008FA782 /* Messenger.app */,
				607FACE51AFB9204008FA782 /* CometChatPro-UIKit_Example_Tests.xctest */,
			);
			name = Products;
			sourceTree = "<group>";
		};
		607FACD21AFB9204008FA782 /* CometChatPro-UIKit_Example */ = {
			isa = PBXGroup;
			children = (
				376A952924BEEB5400CEDFBE /* AppDelegate */,
				376A94C824BEEAA800CEDFBE /* ViewControllers */,
				376A94C724BEE9DF00CEDFBE /* UX_UI */,
				607FACD31AFB9204008FA782 /* Supporting Files */,
			);
			path = "CometChatPro-UIKit_Example";
			sourceTree = "<group>";
		};
		607FACD31AFB9204008FA782 /* Supporting Files */ = {
			isa = PBXGroup;
			children = (
				376A958A24BEECB400CEDFBE /* Info.plist */,
				376A2E5E24BABB0200E4568E /* GoogleService-Info.plist */,
			);
			name = "Supporting Files";
			sourceTree = "<group>";
		};
		607FACE81AFB9204008FA782 /* Tests */ = {
			isa = PBXGroup;
			children = (
				607FACE91AFB9204008FA782 /* Supporting Files */,
				372C4E8524BE9C2B0096C42E /* CometChatPro-UIKit_Tests.swift */,
			);
			path = Tests;
			sourceTree = "<group>";
		};
		607FACE91AFB9204008FA782 /* Supporting Files */ = {
			isa = PBXGroup;
			children = (
				607FACEA1AFB9204008FA782 /* Info.plist */,
			);
			name = "Supporting Files";
			sourceTree = "<group>";
		};
		607FACF51AFB993E008FA782 /* Podspec Metadata */ = {
			isa = PBXGroup;
			children = (
				00D0659E179AF4226BF10086 /* CometChatPro-UIKit.podspec */,
				97BFC5A15F8FDCBB9E89F5DC /* README.md */,
				376A944B24BEE3EC00CEDFBE /* COMETCHAT_LICENSE.md */,
				D7795187EF3F9227A55AE457 /* LICENSE */,
			);
			name = "Podspec Metadata";
			sourceTree = "<group>";
		};
		B1F35FAC5E3D033BC20CBD4A /* Pods */ = {
			isa = PBXGroup;
			children = (
				BEA7C18249DC2EEC5656D76E /* Pods-CometChatPro-UIKit_Example.debug.xcconfig */,
				756FE3F50C4D9D50ABF0791C /* Pods-CometChatPro-UIKit_Example.release.xcconfig */,
				FA9DC1EF9404C0F5C809F15E /* Pods-CometChatPro-UIKit_Example_Tests.debug.xcconfig */,
				EC2A12552F13FBE66D887991 /* Pods-CometChatPro-UIKit_Example_Tests.release.xcconfig */,
			);
			path = Pods;
			sourceTree = "<group>";
		};
/* End PBXGroup section */

/* Begin PBXNativeTarget section */
		607FACCF1AFB9204008FA782 /* CometChatPro-UIKit_Example */ = {
			isa = PBXNativeTarget;
			buildConfigurationList = 607FACEF1AFB9204008FA782 /* Build configuration list for PBXNativeTarget "CometChatPro-UIKit_Example" */;
			buildPhases = (
				DC108BC3287A9CDFD335268C /* [CP] Check Pods Manifest.lock */,
				607FACCC1AFB9204008FA782 /* Sources */,
				607FACCD1AFB9204008FA782 /* Frameworks */,
				607FACCE1AFB9204008FA782 /* Resources */,
				2226A5A164C43284EB924846 /* [CP] Embed Pods Frameworks */,
				503B5248D9E5F20674E6EE9D /* [CP] Copy Pods Resources */,
			);
			buildRules = (
			);
			dependencies = (
			);
			name = "CometChatPro-UIKit_Example";
			productName = CCPMessenger;
			productReference = 607FACD01AFB9204008FA782 /* Messenger.app */;
			productType = "com.apple.product-type.application";
		};
		607FACE41AFB9204008FA782 /* CometChatPro-UIKit_Example_Tests */ = {
			isa = PBXNativeTarget;
			buildConfigurationList = 607FACF21AFB9204008FA782 /* Build configuration list for PBXNativeTarget "CometChatPro-UIKit_Example_Tests" */;
			buildPhases = (
				413392196D99C5C0C48FA3FB /* [CP] Check Pods Manifest.lock */,
				607FACE11AFB9204008FA782 /* Sources */,
				607FACE21AFB9204008FA782 /* Frameworks */,
				607FACE31AFB9204008FA782 /* Resources */,
			);
			buildRules = (
			);
			dependencies = (
				607FACE71AFB9204008FA782 /* PBXTargetDependency */,
			);
			name = "CometChatPro-UIKit_Example_Tests";
			productName = Tests;
			productReference = 607FACE51AFB9204008FA782 /* CometChatPro-UIKit_Example_Tests.xctest */;
			productType = "com.apple.product-type.bundle.unit-test";
		};
/* End PBXNativeTarget section */

/* Begin PBXProject section */
		607FACC81AFB9204008FA782 /* Project object */ = {
			isa = PBXProject;
			attributes = {
				LastSwiftUpdateCheck = 0830;
				LastUpgradeCheck = 0830;
				ORGANIZATIONNAME = CocoaPods;
				TargetAttributes = {
					607FACCF1AFB9204008FA782 = {
						CreatedOnToolsVersion = 6.3.1;
						DevelopmentTeam = QYU2SZHRLR;
						LastSwiftMigration = 1150;
					};
					607FACE41AFB9204008FA782 = {
						CreatedOnToolsVersion = 6.3.1;
						DevelopmentTeam = QYU2SZHRLR;
						LastSwiftMigration = 0900;
						TestTargetID = 607FACCF1AFB9204008FA782;
					};
				};
			};
			buildConfigurationList = 607FACCB1AFB9204008FA782 /* Build configuration list for PBXProject "CometChatPro-UIKit" */;
			compatibilityVersion = "Xcode 3.2";
			developmentRegion = English;
			hasScannedForEncodings = 0;
			knownRegions = (
				English,
				en,
				Base,
			);
			mainGroup = 607FACC71AFB9204008FA782;
			productRefGroup = 607FACD11AFB9204008FA782 /* Products */;
			projectDirPath = "";
			projectRoot = "";
			targets = (
				607FACCF1AFB9204008FA782 /* CometChatPro-UIKit_Example */,
				607FACE41AFB9204008FA782 /* CometChatPro-UIKit_Example_Tests */,
			);
		};
/* End PBXProject section */

/* Begin PBXResourcesBuildPhase section */
		607FACCE1AFB9204008FA782 /* Resources */ = {
			isa = PBXResourcesBuildPhase;
			buildActionMask = 2147483647;
			files = (
				607FACDB1AFB9204008FA782 /* Main.storyboard in Resources */,
				376A959024BEF57300CEDFBE /* Images.xcassets in Resources */,
				376A2E5F24BABB0200E4568E /* GoogleService-Info.plist in Resources */,
				607FACE01AFB9204008FA782 /* LaunchScreen.xib in Resources */,
				376A944C24BEE3EC00CEDFBE /* COMETCHAT_LICENSE.md in Resources */,
			);
			runOnlyForDeploymentPostprocessing = 0;
		};
		607FACE31AFB9204008FA782 /* Resources */ = {
			isa = PBXResourcesBuildPhase;
			buildActionMask = 2147483647;
			files = (
			);
			runOnlyForDeploymentPostprocessing = 0;
		};
/* End PBXResourcesBuildPhase section */

/* Begin PBXShellScriptBuildPhase section */
		2226A5A164C43284EB924846 /* [CP] Embed Pods Frameworks */ = {
			isa = PBXShellScriptBuildPhase;
			buildActionMask = 2147483647;
			files = (
			);
			inputPaths = (
				"${PODS_ROOT}/Target Support Files/Pods-CometChatPro-UIKit_Example/Pods-CometChatPro-UIKit_Example-frameworks.sh",
				"${PODS_ROOT}/CometChatPro/Vendors/WebRTC.framework",
				"${BUILT_PRODUCTS_DIR}/GoogleUtilities/GoogleUtilities.framework",
				"${BUILT_PRODUCTS_DIR}/IQKeyboardManager/IQKeyboardManager.framework",
				"${BUILT_PRODUCTS_DIR}/PromisesObjC/FBLPromises.framework",
				"${BUILT_PRODUCTS_DIR}/Protobuf/Protobuf.framework",
				"${BUILT_PRODUCTS_DIR}/SwiftyJSON/SwiftyJSON.framework",
				"${BUILT_PRODUCTS_DIR}/nanopb/nanopb.framework",
				"${PODS_XCFRAMEWORKS_BUILD_DIR}/CometChatPro/CometChatPro.framework/CometChatPro",
				"${PODS_XCFRAMEWORKS_BUILD_DIR}/CometChatProCalls/CometChatProCalls.framework/CometChatProCalls",
			);
			name = "[CP] Embed Pods Frameworks";
			outputPaths = (
				"${TARGET_BUILD_DIR}/${FRAMEWORKS_FOLDER_PATH}/WebRTC.framework",
				"${TARGET_BUILD_DIR}/${FRAMEWORKS_FOLDER_PATH}/GoogleUtilities.framework",
				"${TARGET_BUILD_DIR}/${FRAMEWORKS_FOLDER_PATH}/IQKeyboardManager.framework",
				"${TARGET_BUILD_DIR}/${FRAMEWORKS_FOLDER_PATH}/FBLPromises.framework",
				"${TARGET_BUILD_DIR}/${FRAMEWORKS_FOLDER_PATH}/Protobuf.framework",
				"${TARGET_BUILD_DIR}/${FRAMEWORKS_FOLDER_PATH}/SwiftyJSON.framework",
				"${TARGET_BUILD_DIR}/${FRAMEWORKS_FOLDER_PATH}/nanopb.framework",
				"${TARGET_BUILD_DIR}/${FRAMEWORKS_FOLDER_PATH}/CometChatPro.framework",
				"${TARGET_BUILD_DIR}/${FRAMEWORKS_FOLDER_PATH}/CometChatProCalls.framework",
			);
			runOnlyForDeploymentPostprocessing = 0;
			shellPath = /bin/sh;
			shellScript = "\"${PODS_ROOT}/Target Support Files/Pods-CometChatPro-UIKit_Example/Pods-CometChatPro-UIKit_Example-frameworks.sh\"\n";
			showEnvVarsInLog = 0;
		};
		413392196D99C5C0C48FA3FB /* [CP] Check Pods Manifest.lock */ = {
			isa = PBXShellScriptBuildPhase;
			buildActionMask = 2147483647;
			files = (
			);
			inputFileListPaths = (
			);
			inputPaths = (
				"${PODS_PODFILE_DIR_PATH}/Podfile.lock",
				"${PODS_ROOT}/Manifest.lock",
			);
			name = "[CP] Check Pods Manifest.lock";
			outputFileListPaths = (
			);
			outputPaths = (
				"$(DERIVED_FILE_DIR)/Pods-CometChatPro-UIKit_Example_Tests-checkManifestLockResult.txt",
			);
			runOnlyForDeploymentPostprocessing = 0;
			shellPath = /bin/sh;
			shellScript = "diff \"${PODS_PODFILE_DIR_PATH}/Podfile.lock\" \"${PODS_ROOT}/Manifest.lock\" > /dev/null\nif [ $? != 0 ] ; then\n    # print error to STDERR\n    echo \"error: The sandbox is not in sync with the Podfile.lock. Run 'pod install' or update your CocoaPods installation.\" >&2\n    exit 1\nfi\n# This output is used by Xcode 'outputs' to avoid re-running this script phase.\necho \"SUCCESS\" > \"${SCRIPT_OUTPUT_FILE_0}\"\n";
			showEnvVarsInLog = 0;
		};
		503B5248D9E5F20674E6EE9D /* [CP] Copy Pods Resources */ = {
			isa = PBXShellScriptBuildPhase;
			buildActionMask = 2147483647;
			files = (
			);
			inputPaths = (
				"${PODS_ROOT}/Target Support Files/Pods-CometChatPro-UIKit_Example/Pods-CometChatPro-UIKit_Example-resources.sh",
				"${PODS_CONFIGURATION_BUILD_DIR}/CometChatPro-UIKit/CometChatPro-UIKit.bundle",
			);
			name = "[CP] Copy Pods Resources";
			outputPaths = (
				"${TARGET_BUILD_DIR}/${UNLOCALIZED_RESOURCES_FOLDER_PATH}/CometChatPro-UIKit.bundle",
			);
			runOnlyForDeploymentPostprocessing = 0;
			shellPath = /bin/sh;
			shellScript = "\"${PODS_ROOT}/Target Support Files/Pods-CometChatPro-UIKit_Example/Pods-CometChatPro-UIKit_Example-resources.sh\"\n";
			showEnvVarsInLog = 0;
		};
		DC108BC3287A9CDFD335268C /* [CP] Check Pods Manifest.lock */ = {
			isa = PBXShellScriptBuildPhase;
			buildActionMask = 2147483647;
			files = (
			);
			inputFileListPaths = (
			);
			inputPaths = (
				"${PODS_PODFILE_DIR_PATH}/Podfile.lock",
				"${PODS_ROOT}/Manifest.lock",
			);
			name = "[CP] Check Pods Manifest.lock";
			outputFileListPaths = (
			);
			outputPaths = (
				"$(DERIVED_FILE_DIR)/Pods-CometChatPro-UIKit_Example-checkManifestLockResult.txt",
			);
			runOnlyForDeploymentPostprocessing = 0;
			shellPath = /bin/sh;
			shellScript = "diff \"${PODS_PODFILE_DIR_PATH}/Podfile.lock\" \"${PODS_ROOT}/Manifest.lock\" > /dev/null\nif [ $? != 0 ] ; then\n    # print error to STDERR\n    echo \"error: The sandbox is not in sync with the Podfile.lock. Run 'pod install' or update your CocoaPods installation.\" >&2\n    exit 1\nfi\n# This output is used by Xcode 'outputs' to avoid re-running this script phase.\necho \"SUCCESS\" > \"${SCRIPT_OUTPUT_FILE_0}\"\n";
			showEnvVarsInLog = 0;
		};
/* End PBXShellScriptBuildPhase section */

/* Begin PBXSourcesBuildPhase section */
		607FACCC1AFB9204008FA782 /* Sources */ = {
			isa = PBXSourcesBuildPhase;
			buildActionMask = 2147483647;
			files = (
				376A952D24BEEB5400CEDFBE /* AppDelegate.swift in Sources */,
				376A952C24BEEB5400CEDFBE /* AppDelegate+CometChatCallDelegate.swift in Sources */,
				376A94CB24BEEAA800CEDFBE /* ViewController.swift in Sources */,
				376A94CC24BEEAA800CEDFBE /* ViewController+PushNotifications.swift in Sources */,
			);
			runOnlyForDeploymentPostprocessing = 0;
		};
		607FACE11AFB9204008FA782 /* Sources */ = {
			isa = PBXSourcesBuildPhase;
			buildActionMask = 2147483647;
			files = (
				372C4E8624BE9C2B0096C42E /* CometChatPro-UIKit_Tests.swift in Sources */,
			);
			runOnlyForDeploymentPostprocessing = 0;
		};
/* End PBXSourcesBuildPhase section */

/* Begin PBXTargetDependency section */
		607FACE71AFB9204008FA782 /* PBXTargetDependency */ = {
			isa = PBXTargetDependency;
			target = 607FACCF1AFB9204008FA782 /* CometChatPro-UIKit_Example */;
			targetProxy = 607FACE61AFB9204008FA782 /* PBXContainerItemProxy */;
		};
/* End PBXTargetDependency section */

/* Begin PBXVariantGroup section */
		607FACD91AFB9204008FA782 /* Main.storyboard */ = {
			isa = PBXVariantGroup;
			children = (
				607FACDA1AFB9204008FA782 /* Base */,
			);
			name = Main.storyboard;
			sourceTree = "<group>";
		};
		607FACDE1AFB9204008FA782 /* LaunchScreen.xib */ = {
			isa = PBXVariantGroup;
			children = (
				607FACDF1AFB9204008FA782 /* Base */,
			);
			name = LaunchScreen.xib;
			sourceTree = "<group>";
		};
/* End PBXVariantGroup section */

/* Begin XCBuildConfiguration section */
		607FACED1AFB9204008FA782 /* Debug */ = {
			isa = XCBuildConfiguration;
			buildSettings = {
				ALWAYS_SEARCH_USER_PATHS = NO;
				CLANG_CXX_LANGUAGE_STANDARD = "gnu++0x";
				CLANG_CXX_LIBRARY = "libc++";
				CLANG_ENABLE_MODULES = YES;
				CLANG_ENABLE_OBJC_ARC = YES;
				CLANG_WARN_BLOCK_CAPTURE_AUTORELEASING = YES;
				CLANG_WARN_BOOL_CONVERSION = YES;
				CLANG_WARN_COMMA = YES;
				CLANG_WARN_CONSTANT_CONVERSION = YES;
				CLANG_WARN_DIRECT_OBJC_ISA_USAGE = YES_ERROR;
				CLANG_WARN_EMPTY_BODY = YES;
				CLANG_WARN_ENUM_CONVERSION = YES;
				CLANG_WARN_INFINITE_RECURSION = YES;
				CLANG_WARN_INT_CONVERSION = YES;
				CLANG_WARN_NON_LITERAL_NULL_CONVERSION = YES;
				CLANG_WARN_OBJC_LITERAL_CONVERSION = YES;
				CLANG_WARN_OBJC_ROOT_CLASS = YES_ERROR;
				CLANG_WARN_RANGE_LOOP_ANALYSIS = YES;
				CLANG_WARN_STRICT_PROTOTYPES = YES;
				CLANG_WARN_SUSPICIOUS_MOVE = YES;
				CLANG_WARN_UNREACHABLE_CODE = YES;
				CLANG_WARN__DUPLICATE_METHOD_MATCH = YES;
				"CODE_SIGN_IDENTITY[sdk=iphoneos*]" = "iPhone Developer";
				COPY_PHASE_STRIP = NO;
				DEBUG_INFORMATION_FORMAT = "dwarf-with-dsym";
				ENABLE_STRICT_OBJC_MSGSEND = YES;
				ENABLE_TESTABILITY = YES;
				GCC_C_LANGUAGE_STANDARD = gnu99;
				GCC_DYNAMIC_NO_PIC = NO;
				GCC_NO_COMMON_BLOCKS = YES;
				GCC_OPTIMIZATION_LEVEL = 0;
				GCC_PREPROCESSOR_DEFINITIONS = (
					"DEBUG=1",
					"$(inherited)",
				);
				GCC_SYMBOLS_PRIVATE_EXTERN = NO;
				GCC_WARN_64_TO_32_BIT_CONVERSION = YES;
				GCC_WARN_ABOUT_RETURN_TYPE = YES_ERROR;
				GCC_WARN_UNDECLARED_SELECTOR = YES;
				GCC_WARN_UNINITIALIZED_AUTOS = YES_AGGRESSIVE;
				GCC_WARN_UNUSED_FUNCTION = YES;
				GCC_WARN_UNUSED_VARIABLE = YES;
				IPHONEOS_DEPLOYMENT_TARGET = 13;
				MTL_ENABLE_DEBUG_INFO = YES;
				ONLY_ACTIVE_ARCH = YES;
				SDKROOT = iphoneos;
				SWIFT_OPTIMIZATION_LEVEL = "-Onone";
			};
			name = Debug;
		};
		607FACEE1AFB9204008FA782 /* Release */ = {
			isa = XCBuildConfiguration;
			buildSettings = {
				ALWAYS_SEARCH_USER_PATHS = NO;
				CLANG_CXX_LANGUAGE_STANDARD = "gnu++0x";
				CLANG_CXX_LIBRARY = "libc++";
				CLANG_ENABLE_MODULES = YES;
				CLANG_ENABLE_OBJC_ARC = YES;
				CLANG_WARN_BLOCK_CAPTURE_AUTORELEASING = YES;
				CLANG_WARN_BOOL_CONVERSION = YES;
				CLANG_WARN_COMMA = YES;
				CLANG_WARN_CONSTANT_CONVERSION = YES;
				CLANG_WARN_DIRECT_OBJC_ISA_USAGE = YES_ERROR;
				CLANG_WARN_EMPTY_BODY = YES;
				CLANG_WARN_ENUM_CONVERSION = YES;
				CLANG_WARN_INFINITE_RECURSION = YES;
				CLANG_WARN_INT_CONVERSION = YES;
				CLANG_WARN_NON_LITERAL_NULL_CONVERSION = YES;
				CLANG_WARN_OBJC_LITERAL_CONVERSION = YES;
				CLANG_WARN_OBJC_ROOT_CLASS = YES_ERROR;
				CLANG_WARN_RANGE_LOOP_ANALYSIS = YES;
				CLANG_WARN_STRICT_PROTOTYPES = YES;
				CLANG_WARN_SUSPICIOUS_MOVE = YES;
				CLANG_WARN_UNREACHABLE_CODE = YES;
				CLANG_WARN__DUPLICATE_METHOD_MATCH = YES;
				"CODE_SIGN_IDENTITY[sdk=iphoneos*]" = "iPhone Developer";
				COPY_PHASE_STRIP = NO;
				DEBUG_INFORMATION_FORMAT = "dwarf-with-dsym";
				ENABLE_NS_ASSERTIONS = NO;
				ENABLE_STRICT_OBJC_MSGSEND = YES;
				GCC_C_LANGUAGE_STANDARD = gnu99;
				GCC_NO_COMMON_BLOCKS = YES;
				GCC_WARN_64_TO_32_BIT_CONVERSION = YES;
				GCC_WARN_ABOUT_RETURN_TYPE = YES_ERROR;
				GCC_WARN_UNDECLARED_SELECTOR = YES;
				GCC_WARN_UNINITIALIZED_AUTOS = YES_AGGRESSIVE;
				GCC_WARN_UNUSED_FUNCTION = YES;
				GCC_WARN_UNUSED_VARIABLE = YES;
				IPHONEOS_DEPLOYMENT_TARGET = 13;
				MTL_ENABLE_DEBUG_INFO = NO;
				SDKROOT = iphoneos;
				SWIFT_OPTIMIZATION_LEVEL = "-Owholemodule";
				VALIDATE_PRODUCT = YES;
			};
			name = Release;
		};
		607FACF01AFB9204008FA782 /* Debug */ = {
			isa = XCBuildConfiguration;
			baseConfigurationReference = BEA7C18249DC2EEC5656D76E /* Pods-CometChatPro-UIKit_Example.debug.xcconfig */;
			buildSettings = {
				ASSETCATALOG_COMPILER_APPICON_NAME = AppIcon;
				CLANG_ENABLE_MODULES = YES;
				CODE_SIGN_ENTITLEMENTS = "CometChatPro-UIKit_Example.entitlements";
				CURRENT_PROJECT_VERSION = 2;
				DEVELOPMENT_TEAM = QYU2SZHRLR;
				ENABLE_BITCODE = NO;
				HEADER_SEARCH_PATHS = (
					"$(inherited)",
					"\"${PODS_CONFIGURATION_BUILD_DIR}/CometChatPro-UIKit/CometChatPro-UIKit.framework/Headers\"",
					"\"${PODS_CONFIGURATION_BUILD_DIR}/FirebaseCore/FirebaseCore.framework/Headers\"",
					"\"${PODS_CONFIGURATION_BUILD_DIR}/FirebaseCoreDiagnostics/FirebaseCoreDiagnostics.framework/Headers\"",
					"\"${PODS_CONFIGURATION_BUILD_DIR}/FirebaseInstallations/FirebaseInstallations.framework/Headers\"",
					"\"${PODS_CONFIGURATION_BUILD_DIR}/FirebaseInstanceID/FirebaseInstanceID.framework/Headers\"",
					"\"${PODS_CONFIGURATION_BUILD_DIR}/FirebaseMessaging/FirebaseMessaging.framework/Headers\"",
					"\"${PODS_CONFIGURATION_BUILD_DIR}/GoogleDataTransport/GoogleDataTransport.framework/Headers\"",
					"\"${PODS_CONFIGURATION_BUILD_DIR}/GoogleDataTransportCCTSupport/GoogleDataTransportCCTSupport.framework/Headers\"",
					"\"${PODS_CONFIGURATION_BUILD_DIR}/GoogleUtilities/GoogleUtilities.framework/Headers\"",
					"\"${PODS_CONFIGURATION_BUILD_DIR}/PromisesObjC/FBLPromises.framework/Headers\"",
					"\"${PODS_CONFIGURATION_BUILD_DIR}/Protobuf/Protobuf.framework/Headers\"",
					"\"${PODS_CONFIGURATION_BUILD_DIR}/SwiftyJSON/SwiftyJSON.framework/Headers\"",
					"\"${PODS_CONFIGURATION_BUILD_DIR}/nanopb/nanopb.framework/Headers\"",
					"\"${PODS_ROOT}/Headers/Public\"",
					"\"${PODS_ROOT}/Headers/Public/Firebase\"",
					"$(SDKROOT)/usr/include/libxml2",
					"${PODS_ROOT}/Firebase/CoreOnly/Sources",
					"\"${PODS_TARGET_SRCROOT}/Sources/FBLPromises/include\"",
				);
				INFOPLIST_FILE = "$(PROJECT_DIR)/CometChatPro-UIKit_Example/Resources/Info.plist";
				LD_RUNPATH_SEARCH_PATHS = "$(inherited) @executable_path/Frameworks";
				MARKETING_VERSION = 1.2;
				MODULE_NAME = ExampleApp;
				PRODUCT_BUNDLE_IDENTIFIER = com.gigabitelabs.Messenger;
				PRODUCT_NAME = Messenger;
				SUPPORTS_MACCATALYST = YES;
				SWIFT_OBJC_BRIDGING_HEADER = "";
				SWIFT_OPTIMIZATION_LEVEL = "-Onone";
				SWIFT_SWIFT3_OBJC_INFERENCE = Default;
				SWIFT_VERSION = 4.0;
				TARGETED_DEVICE_FAMILY = "1,2";
			};
			name = Debug;
		};
		607FACF11AFB9204008FA782 /* Release */ = {
			isa = XCBuildConfiguration;
			baseConfigurationReference = 756FE3F50C4D9D50ABF0791C /* Pods-CometChatPro-UIKit_Example.release.xcconfig */;
			buildSettings = {
				ASSETCATALOG_COMPILER_APPICON_NAME = AppIcon;
				CLANG_ENABLE_MODULES = YES;
				CODE_SIGN_ENTITLEMENTS = "CometChatPro-UIKit_Example.entitlements";
				CURRENT_PROJECT_VERSION = 2;
				DEVELOPMENT_TEAM = QYU2SZHRLR;
				ENABLE_BITCODE = NO;
				HEADER_SEARCH_PATHS = (
					"$(inherited)",
					"\"${PODS_CONFIGURATION_BUILD_DIR}/CometChatPro-UIKit/CometChatPro-UIKit.framework/Headers\"",
					"\"${PODS_CONFIGURATION_BUILD_DIR}/FirebaseCore/FirebaseCore.framework/Headers\"",
					"\"${PODS_CONFIGURATION_BUILD_DIR}/FirebaseCoreDiagnostics/FirebaseCoreDiagnostics.framework/Headers\"",
					"\"${PODS_CONFIGURATION_BUILD_DIR}/FirebaseInstallations/FirebaseInstallations.framework/Headers\"",
					"\"${PODS_CONFIGURATION_BUILD_DIR}/FirebaseInstanceID/FirebaseInstanceID.framework/Headers\"",
					"\"${PODS_CONFIGURATION_BUILD_DIR}/FirebaseMessaging/FirebaseMessaging.framework/Headers\"",
					"\"${PODS_CONFIGURATION_BUILD_DIR}/GoogleDataTransport/GoogleDataTransport.framework/Headers\"",
					"\"${PODS_CONFIGURATION_BUILD_DIR}/GoogleDataTransportCCTSupport/GoogleDataTransportCCTSupport.framework/Headers\"",
					"\"${PODS_CONFIGURATION_BUILD_DIR}/GoogleUtilities/GoogleUtilities.framework/Headers\"",
					"\"${PODS_CONFIGURATION_BUILD_DIR}/PromisesObjC/FBLPromises.framework/Headers\"",
					"\"${PODS_CONFIGURATION_BUILD_DIR}/Protobuf/Protobuf.framework/Headers\"",
					"\"${PODS_CONFIGURATION_BUILD_DIR}/SwiftyJSON/SwiftyJSON.framework/Headers\"",
					"\"${PODS_CONFIGURATION_BUILD_DIR}/nanopb/nanopb.framework/Headers\"",
					"\"${PODS_ROOT}/Headers/Public\"",
					"\"${PODS_ROOT}/Headers/Public/Firebase\"",
					"$(SDKROOT)/usr/include/libxml2",
					"${PODS_ROOT}/Firebase/CoreOnly/Sources",
					"\"${PODS_TARGET_SRCROOT}/Sources/FBLPromises/include\"",
				);
				INFOPLIST_FILE = "$(PROJECT_DIR)/CometChatPro-UIKit_Example/Resources/Info.plist";
				LD_RUNPATH_SEARCH_PATHS = "$(inherited) @executable_path/Frameworks";
				MARKETING_VERSION = 1.2;
				MODULE_NAME = ExampleApp;
				PRODUCT_BUNDLE_IDENTIFIER = com.gigabitelabs.Messenger;
				PRODUCT_NAME = Messenger;
				SUPPORTS_MACCATALYST = YES;
				SWIFT_OBJC_BRIDGING_HEADER = "";
				SWIFT_SWIFT3_OBJC_INFERENCE = Default;
				SWIFT_VERSION = 4.0;
				TARGETED_DEVICE_FAMILY = "1,2";
			};
			name = Release;
		};
		607FACF31AFB9204008FA782 /* Debug */ = {
			isa = XCBuildConfiguration;
			baseConfigurationReference = FA9DC1EF9404C0F5C809F15E /* Pods-CometChatPro-UIKit_Example_Tests.debug.xcconfig */;
			buildSettings = {
				ALWAYS_EMBED_SWIFT_STANDARD_LIBRARIES = "$(inherited)";
				BUNDLE_LOADER = "$(TEST_HOST)";
				"CODE_SIGN_IDENTITY[sdk=macosx*]" = "Apple Development";
				DEVELOPMENT_TEAM = QYU2SZHRLR;
				FRAMEWORK_SEARCH_PATHS = (
					"$(PLATFORM_DIR)/Developer/Library/Frameworks",
					"$(inherited)",
				);
				GCC_PREPROCESSOR_DEFINITIONS = (
					"DEBUG=1",
					"$(inherited)",
				);
				INFOPLIST_FILE = Tests/Info.plist;
				LD_RUNPATH_SEARCH_PATHS = "$(inherited) @executable_path/Frameworks @loader_path/Frameworks";
				PRODUCT_BUNDLE_IDENTIFIER = "org.cocoapods.$(PRODUCT_NAME:rfc1034identifier)";
				PRODUCT_NAME = "$(TARGET_NAME)";
				SWIFT_SWIFT3_OBJC_INFERENCE = Default;
				SWIFT_VERSION = 4.0;
				TEST_HOST = "$(BUILT_PRODUCTS_DIR)/Messenger.app/Messenger";
			};
			name = Debug;
		};
		607FACF41AFB9204008FA782 /* Release */ = {
			isa = XCBuildConfiguration;
			baseConfigurationReference = EC2A12552F13FBE66D887991 /* Pods-CometChatPro-UIKit_Example_Tests.release.xcconfig */;
			buildSettings = {
				ALWAYS_EMBED_SWIFT_STANDARD_LIBRARIES = "$(inherited)";
				BUNDLE_LOADER = "$(TEST_HOST)";
				"CODE_SIGN_IDENTITY[sdk=macosx*]" = "Apple Development";
				DEVELOPMENT_TEAM = QYU2SZHRLR;
				FRAMEWORK_SEARCH_PATHS = (
					"$(PLATFORM_DIR)/Developer/Library/Frameworks",
					"$(inherited)",
				);
				INFOPLIST_FILE = Tests/Info.plist;
				LD_RUNPATH_SEARCH_PATHS = "$(inherited) @executable_path/Frameworks @loader_path/Frameworks";
				PRODUCT_BUNDLE_IDENTIFIER = "org.cocoapods.$(PRODUCT_NAME:rfc1034identifier)";
				PRODUCT_NAME = "$(TARGET_NAME)";
				SWIFT_SWIFT3_OBJC_INFERENCE = Default;
				SWIFT_VERSION = 4.0;
				TEST_HOST = "$(BUILT_PRODUCTS_DIR)/Messenger.app/Messenger";
			};
			name = Release;
		};
/* End XCBuildConfiguration section */

/* Begin XCConfigurationList section */
		607FACCB1AFB9204008FA782 /* Build configuration list for PBXProject "CometChatPro-UIKit" */ = {
			isa = XCConfigurationList;
			buildConfigurations = (
				607FACED1AFB9204008FA782 /* Debug */,
				607FACEE1AFB9204008FA782 /* Release */,
			);
			defaultConfigurationIsVisible = 0;
			defaultConfigurationName = Release;
		};
		607FACEF1AFB9204008FA782 /* Build configuration list for PBXNativeTarget "CometChatPro-UIKit_Example" */ = {
			isa = XCConfigurationList;
			buildConfigurations = (
				607FACF01AFB9204008FA782 /* Debug */,
				607FACF11AFB9204008FA782 /* Release */,
			);
			defaultConfigurationIsVisible = 0;
			defaultConfigurationName = Release;
		};
		607FACF21AFB9204008FA782 /* Build configuration list for PBXNativeTarget "CometChatPro-UIKit_Example_Tests" */ = {
			isa = XCConfigurationList;
			buildConfigurations = (
				607FACF31AFB9204008FA782 /* Debug */,
				607FACF41AFB9204008FA782 /* Release */,
			);
			defaultConfigurationIsVisible = 0;
			defaultConfigurationName = Release;
		};
/* End XCConfigurationList section */
	};
	rootObject = 607FACC81AFB9204008FA782 /* Project object */;
}
